
Microsoft Visual Studio Solution File, Format Version 12.00
# Visual Studio Version 16
VisualStudioVersion = 16.0.31605.320
MinimumVisualStudioVersion = 10.0.40219.1
Project("{FAE04EC0-301F-11D3-BF4B-00C04F79EFBC}") = "kibatodo.Common", "kibatodo.Common\kibatodo.Common.csproj", "{8513F356-88A4-4D8D-A05D-9B72ECFEC5B1}"
EndProject
Project("{FAE04EC0-301F-11D3-BF4B-00C04F79EFBC}") = "kibatodo.Functions", "kibatodo.Functions\kibatodo.Functions.csproj", "{0F821208-25AB-4D6B-8287-583E58B7252D}"
EndProject
Project("{FAE04EC0-301F-11D3-BF4B-00C04F79EFBC}") = "kibatodo.Test", "kibatodo.Test\kibatodo.Test.csproj", "{0498BE1D-2542-4BF4-A868-1195A37D74FC}"
EndProject
Global
	GlobalSection(SolutionConfigurationPlatforms) = preSolution
		Debug|Any CPU = Debug|Any CPU
		Release|Any CPU = Release|Any CPU
	EndGlobalSection
	GlobalSection(ProjectConfigurationPlatforms) = postSolution
		{8513F356-88A4-4D8D-A05D-9B72ECFEC5B1}.Debug|Any CPU.ActiveCfg = Debug|Any CPU
		{8513F356-88A4-4D8D-A05D-9B72ECFEC5B1}.Debug|Any CPU.Build.0 = Debug|Any CPU
		{8513F356-88A4-4D8D-A05D-9B72ECFEC5B1}.Release|Any CPU.ActiveCfg = Release|Any CPU
		{8513F356-88A4-4D8D-A05D-9B72ECFEC5B1}.Release|Any CPU.Build.0 = Release|Any CPU
		{0F821208-25AB-4D6B-8287-583E58B7252D}.Debug|Any CPU.ActiveCfg = Debug|Any CPU
		{0F821208-25AB-4D6B-8287-583E58B7252D}.Debug|Any CPU.Build.0 = Debug|Any CPU
		{0F821208-25AB-4D6B-8287-583E58B7252D}.Release|Any CPU.ActiveCfg = Release|Any CPU
		{0F821208-25AB-4D6B-8287-583E58B7252D}.Release|Any CPU.Build.0 = Release|Any CPU
		{0498BE1D-2542-4BF4-A868-1195A37D74FC}.Debug|Any CPU.ActiveCfg = Debug|Any CPU
		{0498BE1D-2542-4BF4-A868-1195A37D74FC}.Debug|Any CPU.Build.0 = Debug|Any CPU
		{0498BE1D-2542-4BF4-A868-1195A37D74FC}.Release|Any CPU.ActiveCfg = Release|Any CPU
		{0498BE1D-2542-4BF4-A868-1195A37D74FC}.Release|Any CPU.Build.0 = Release|Any CPU
	EndGlobalSection
	GlobalSection(SolutionProperties) = preSolution
		HideSolutionNode = FALSE
	EndGlobalSection
	GlobalSection(ExtensibilityGlobals) = postSolution
		SolutionGuid = {1B0FF4AB-E459-4CB9-9155-A80BF3C91918}
	EndGlobalSection
EndGlobal
